
Microsoft Visual Studio Solution File, Format Version 12.00
# Visual Studio Version 16
VisualStudioVersion = 16.0.31729.503
MinimumVisualStudioVersion = 10.0.40219.1
Project("{FAE04EC0-301F-11D3-BF4B-00C04F79EFBC}") = "GTAV-JS", "GTAV-JS\GTAV-JS.csproj", "{4F9310E9-FDAA-4FB3-A09A-8C02B83C3567}"
EndProject
Global
	GlobalSection(SolutionConfigurationPlatforms) = preSolution
		Debug|Any CPU = Debug|Any CPU
		Release|Any CPU = Release|Any CPU
	EndGlobalSection
	GlobalSection(ProjectConfigurationPlatforms) = postSolution
		{4F9310E9-FDAA-4FB3-A09A-8C02B83C3567}.Debug|Any CPU.ActiveCfg = Debug|Any CPU
		{4F9310E9-FDAA-4FB3-A09A-8C02B83C3567}.Debug|Any CPU.Build.0 = Debug|Any CPU
		{4F9310E9-FDAA-4FB3-A09A-8C02B83C3567}.Release|Any CPU.ActiveCfg = Release|Any CPU
		{4F9310E9-FDAA-4FB3-A09A-8C02B83C3567}.Release|Any CPU.Build.0 = Release|Any CPU
	EndGlobalSection
	GlobalSection(SolutionProperties) = preSolution
		HideSolutionNode = FALSE
	EndGlobalSection
	GlobalSection(ExtensibilityGlobals) = postSolution
		SolutionGuid = {DA017039-56C5-49CD-9FB7-61668B04E684}
	EndGlobalSection
EndGlobal
